
Microsoft Visual Studio Solution File, Format Version 12.00
# Visual Studio 15
VisualStudioVersion = 15.0.28307.489
MinimumVisualStudioVersion = 10.0.40219.1
Project("{FAE04EC0-301F-11D3-BF4B-00C04F79EFBC}") = "AracKiralama.WebService", "AracKiralama.WebService\AracKiralama.WebService.csproj", "{792B7FC1-18FF-439B-839B-6CD5A06CCF7A}"
EndProject
Global
	GlobalSection(SolutionConfigurationPlatforms) = preSolution
		Debug|Any CPU = Debug|Any CPU
		Release|Any CPU = Release|Any CPU
	EndGlobalSection
	GlobalSection(ProjectConfigurationPlatforms) = postSolution
		{792B7FC1-18FF-439B-839B-6CD5A06CCF7A}.Debug|Any CPU.ActiveCfg = Debug|Any CPU
		{792B7FC1-18FF-439B-839B-6CD5A06CCF7A}.Debug|Any CPU.Build.0 = Debug|Any CPU
		{792B7FC1-18FF-439B-839B-6CD5A06CCF7A}.Release|Any CPU.ActiveCfg = Release|Any CPU
		{792B7FC1-18FF-439B-839B-6CD5A06CCF7A}.Release|Any CPU.Build.0 = Release|Any CPU
	EndGlobalSection
	GlobalSection(SolutionProperties) = preSolution
		HideSolutionNode = FALSE
	EndGlobalSection
	GlobalSection(ExtensibilityGlobals) = postSolution
		SolutionGuid = {C538E19D-B307-4588-95A5-164238D3BF85}
	EndGlobalSection
EndGlobal
